
Microsoft Visual Studio Solution File, Format Version 12.00
# Visual Studio Version 17
VisualStudioVersion = 17.1.32210.238
MinimumVisualStudioVersion = 10.0.40219.1
Project("{FAE04EC0-301F-11D3-BF4B-00C04F79EFBC}") = "HomeworkClass07", "HomeworkClass07\HomeworkClass07.csproj", "{D09B073D-76F5-40EF-865D-2581B1E2442F}"
EndProject
Project("{FAE04EC0-301F-11D3-BF4B-00C04F79EFBC}") = "Classes", "Classes\Classes.csproj", "{A4D035E8-11A1-4DD8-91FC-CAC908E8F6B2}"
EndProject
Global
	GlobalSection(SolutionConfigurationPlatforms) = preSolution
		Debug|Any CPU = Debug|Any CPU
		Release|Any CPU = Release|Any CPU
	EndGlobalSection
	GlobalSection(ProjectConfigurationPlatforms) = postSolution
		{D09B073D-76F5-40EF-865D-2581B1E2442F}.Debug|Any CPU.ActiveCfg = Debug|Any CPU
		{D09B073D-76F5-40EF-865D-2581B1E2442F}.Debug|Any CPU.Build.0 = Debug|Any CPU
		{D09B073D-76F5-40EF-865D-2581B1E2442F}.Release|Any CPU.ActiveCfg = Release|Any CPU
		{D09B073D-76F5-40EF-865D-2581B1E2442F}.Release|Any CPU.Build.0 = Release|Any CPU
		{A4D035E8-11A1-4DD8-91FC-CAC908E8F6B2}.Debug|Any CPU.ActiveCfg = Debug|Any CPU
		{A4D035E8-11A1-4DD8-91FC-CAC908E8F6B2}.Debug|Any CPU.Build.0 = Debug|Any CPU
		{A4D035E8-11A1-4DD8-91FC-CAC908E8F6B2}.Release|Any CPU.ActiveCfg = Release|Any CPU
		{A4D035E8-11A1-4DD8-91FC-CAC908E8F6B2}.Release|Any CPU.Build.0 = Release|Any CPU
	EndGlobalSection
	GlobalSection(SolutionProperties) = preSolution
		HideSolutionNode = FALSE
	EndGlobalSection
	GlobalSection(ExtensibilityGlobals) = postSolution
		SolutionGuid = {239D7EBD-B756-4ED3-A7D1-CB5B446912E3}
	EndGlobalSection
EndGlobal
